
Microsoft Visual Studio Solution File, Format Version 11.00
# Visual Studio 2010
Project("{FAE04EC0-301F-11D3-BF4B-00C04F79EFBC}") = "QFramework.CoreKit", "QFramework.CoreKit.csproj", "{37eb9bdc-9cfe-0d30-4b9a-f0d82f4894b5}"
EndProject
Project("{FAE04EC0-301F-11D3-BF4B-00C04F79EFBC}") = "UIKit", "UIKit.csproj", "{f40a8273-bdd6-eec7-5b8b-48a484c35353}"
EndProject
Project("{FAE04EC0-301F-11D3-BF4B-00C04F79EFBC}") = "ResKit", "ResKit.csproj", "{da554793-def7-bfb0-967c-6c1e5941de07}"
EndProject
Project("{FAE04EC0-301F-11D3-BF4B-00C04F79EFBC}") = "Assembly-CSharp", "Assembly-CSharp.csproj", "{dbf86201-441c-d4fa-72e8-ee69dc3baf24}"
EndProject
Project("{FAE04EC0-301F-11D3-BF4B-00C04F79EFBC}") = "AudioKit", "AudioKit.csproj", "{9456ce29-1f3d-a94f-6e30-ac29d50ca5a4}"
EndProject
Project("{FAE04EC0-301F-11D3-BF4B-00C04F79EFBC}") = "QFramework", "QFramework.csproj", "{a8e3c55a-e82e-bf3a-9801-50e43a636c42}"
EndProject
Project("{FAE04EC0-301F-11D3-BF4B-00C04F79EFBC}") = "UIKit.Editor", "UIKit.Editor.csproj", "{36bc2442-6c4a-7842-7bb6-b6fe2cc31165}"
EndProject
Project("{FAE04EC0-301F-11D3-BF4B-00C04F79EFBC}") = "ResKit.Editor", "ResKit.Editor.csproj", "{8327301d-9428-c9c7-40a8-d4f3b561001f}"
EndProject
Project("{FAE04EC0-301F-11D3-BF4B-00C04F79EFBC}") = "Assembly-CSharp-Editor", "Assembly-CSharp-Editor.csproj", "{31999210-7fad-9eb2-c9d8-cb6a7bd5ba36}"
EndProject
Global
	GlobalSection(SolutionConfigurationPlatforms) = preSolution
		Debug|Any CPU = Debug|Any CPU
	EndGlobalSection
	GlobalSection(ProjectConfigurationPlatforms) = postSolution
		{37eb9bdc-9cfe-0d30-4b9a-f0d82f4894b5}.Debug|Any CPU.ActiveCfg = Debug|Any CPU
		{37eb9bdc-9cfe-0d30-4b9a-f0d82f4894b5}.Debug|Any CPU.Build.0 = Debug|Any CPU
		{f40a8273-bdd6-eec7-5b8b-48a484c35353}.Debug|Any CPU.ActiveCfg = Debug|Any CPU
		{f40a8273-bdd6-eec7-5b8b-48a484c35353}.Debug|Any CPU.Build.0 = Debug|Any CPU
		{da554793-def7-bfb0-967c-6c1e5941de07}.Debug|Any CPU.ActiveCfg = Debug|Any CPU
		{da554793-def7-bfb0-967c-6c1e5941de07}.Debug|Any CPU.Build.0 = Debug|Any CPU
		{dbf86201-441c-d4fa-72e8-ee69dc3baf24}.Debug|Any CPU.ActiveCfg = Debug|Any CPU
		{dbf86201-441c-d4fa-72e8-ee69dc3baf24}.Debug|Any CPU.Build.0 = Debug|Any CPU
		{9456ce29-1f3d-a94f-6e30-ac29d50ca5a4}.Debug|Any CPU.ActiveCfg = Debug|Any CPU
		{9456ce29-1f3d-a94f-6e30-ac29d50ca5a4}.Debug|Any CPU.Build.0 = Debug|Any CPU
		{a8e3c55a-e82e-bf3a-9801-50e43a636c42}.Debug|Any CPU.ActiveCfg = Debug|Any CPU
		{a8e3c55a-e82e-bf3a-9801-50e43a636c42}.Debug|Any CPU.Build.0 = Debug|Any CPU
		{36bc2442-6c4a-7842-7bb6-b6fe2cc31165}.Debug|Any CPU.ActiveCfg = Debug|Any CPU
		{36bc2442-6c4a-7842-7bb6-b6fe2cc31165}.Debug|Any CPU.Build.0 = Debug|Any CPU
		{8327301d-9428-c9c7-40a8-d4f3b561001f}.Debug|Any CPU.ActiveCfg = Debug|Any CPU
		{8327301d-9428-c9c7-40a8-d4f3b561001f}.Debug|Any CPU.Build.0 = Debug|Any CPU
		{31999210-7fad-9eb2-c9d8-cb6a7bd5ba36}.Debug|Any CPU.ActiveCfg = Debug|Any CPU
		{31999210-7fad-9eb2-c9d8-cb6a7bd5ba36}.Debug|Any CPU.Build.0 = Debug|Any CPU
	EndGlobalSection
	GlobalSection(SolutionProperties) = preSolution
		HideSolutionNode = FALSE
	EndGlobalSection
EndGlobal
